
Microsoft Visual Studio Solution File, Format Version 12.00
# Visual Studio Version 17
VisualStudioVersion = 17.4.33213.308
MinimumVisualStudioVersion = 10.0.40219.1
Project("{9A19103F-16F7-4668-BE54-9A1E7A4F7556}") = "DatDotnetConduit.API", "DatDotnetConduit.API.csproj", "{4E9C315E-593E-40D1-8EA5-D0E6EB2DA391}"
EndProject
Project("{9A19103F-16F7-4668-BE54-9A1E7A4F7556}") = "DatDotnetConduit.Domain", "..\DatDotnetConduit.Domain\DatDotnetConduit.Domain.csproj", "{0419D116-AFB1-40EA-98BF-24F87C82FB9C}"
EndProject
Project("{9A19103F-16F7-4668-BE54-9A1E7A4F7556}") = "DatDotnetConduit.Infrasturcture", "..\DatDotnetConduit.Infrasturcture\DatDotnetConduit.Infrasturcture.csproj", "{6EDE8BD4-F34C-4E3A-8A0D-9238F8B41B80}"
EndProject
Project("{FAE04EC0-301F-11D3-BF4B-00C04F79EFBC}") = "DatDotnetConduit.Application", "..\DatDotnetConduit.Application\DatDotnetConduit.Application.csproj", "{921A3A9C-312B-429A-9AB1-F42A9E251350}"
EndProject
Global
	GlobalSection(SolutionConfigurationPlatforms) = preSolution
		Debug|Any CPU = Debug|Any CPU
		Release|Any CPU = Release|Any CPU
	EndGlobalSection
	GlobalSection(ProjectConfigurationPlatforms) = postSolution
		{4E9C315E-593E-40D1-8EA5-D0E6EB2DA391}.Debug|Any CPU.ActiveCfg = Debug|Any CPU
		{4E9C315E-593E-40D1-8EA5-D0E6EB2DA391}.Debug|Any CPU.Build.0 = Debug|Any CPU
		{4E9C315E-593E-40D1-8EA5-D0E6EB2DA391}.Release|Any CPU.ActiveCfg = Release|Any CPU
		{4E9C315E-593E-40D1-8EA5-D0E6EB2DA391}.Release|Any CPU.Build.0 = Release|Any CPU
		{0419D116-AFB1-40EA-98BF-24F87C82FB9C}.Debug|Any CPU.ActiveCfg = Debug|Any CPU
		{0419D116-AFB1-40EA-98BF-24F87C82FB9C}.Debug|Any CPU.Build.0 = Debug|Any CPU
		{0419D116-AFB1-40EA-98BF-24F87C82FB9C}.Release|Any CPU.ActiveCfg = Release|Any CPU
		{0419D116-AFB1-40EA-98BF-24F87C82FB9C}.Release|Any CPU.Build.0 = Release|Any CPU
		{6EDE8BD4-F34C-4E3A-8A0D-9238F8B41B80}.Debug|Any CPU.ActiveCfg = Debug|Any CPU
		{6EDE8BD4-F34C-4E3A-8A0D-9238F8B41B80}.Debug|Any CPU.Build.0 = Debug|Any CPU
		{6EDE8BD4-F34C-4E3A-8A0D-9238F8B41B80}.Release|Any CPU.ActiveCfg = Release|Any CPU
		{6EDE8BD4-F34C-4E3A-8A0D-9238F8B41B80}.Release|Any CPU.Build.0 = Release|Any CPU
		{921A3A9C-312B-429A-9AB1-F42A9E251350}.Debug|Any CPU.ActiveCfg = Debug|Any CPU
		{921A3A9C-312B-429A-9AB1-F42A9E251350}.Debug|Any CPU.Build.0 = Debug|Any CPU
		{921A3A9C-312B-429A-9AB1-F42A9E251350}.Release|Any CPU.ActiveCfg = Release|Any CPU
		{921A3A9C-312B-429A-9AB1-F42A9E251350}.Release|Any CPU.Build.0 = Release|Any CPU
	EndGlobalSection
	GlobalSection(SolutionProperties) = preSolution
		HideSolutionNode = FALSE
	EndGlobalSection
	GlobalSection(ExtensibilityGlobals) = postSolution
		SolutionGuid = {AEBC245A-0432-4B95-9665-3347AA689C71}
	EndGlobalSection
EndGlobal
